// !$*UTF8*$!
{
	archiveVersion = 1;
	classes = {
	};
	objectVersion = 46;
	objects = {

/* Begin PBXBuildFile section */
		18B6F8931E1CF6D2001D6292 /* CTUnlimitedView.framework in Frameworks */ = {isa = PBXBuildFile; fileRef = 18B6F8921E1CF6D2001D6292 /* CTUnlimitedView.framework */; };
		4F2B6D541DC9AEC100038372 /* main.m in Sources */ = {isa = PBXBuildFile; fileRef = 4F2B6D531DC9AEC100038372 /* main.m */; };
		4F2B6D621DC9AEC100038372 /* Assets.xcassets in Resources */ = {isa = PBXBuildFile; fileRef = 4F2B6D611DC9AEC100038372 /* Assets.xcassets */; };
		4F2B6D651DC9AEC100038372 /* LaunchScreen.storyboard in Resources */ = {isa = PBXBuildFile; fileRef = 4F2B6D631DC9AEC100038372 /* LaunchScreen.storyboard */; };
		4F2B6D701DC9AEC100038372 /* CTUnlimitedViewTests.m in Sources */ = {isa = PBXBuildFile; fileRef = 4F2B6D6F1DC9AEC100038372 /* CTUnlimitedViewTests.m */; };
		4F2B6D7B1DC9AEC100038372 /* CTUnlimitedViewUITests.m in Sources */ = {isa = PBXBuildFile; fileRef = 4F2B6D7A1DC9AEC100038372 /* CTUnlimitedViewUITests.m */; };
		4F2B6DF51DC9B02300038372 /* AppDelegate.m in Sources */ = {isa = PBXBuildFile; fileRef = 4F2B6DAC1DC9B02300038372 /* AppDelegate.m */; };
		4F2B6DF61DC9B02300038372 /* AutolayoutViewController.m in Sources */ = {isa = PBXBuildFile; fileRef = 4F2B6DAF1DC9B02300038372 /* AutolayoutViewController.m */; };
		4F2B6DF71DC9B02300038372 /* BaseViewController.m in Sources */ = {isa = PBXBuildFile; fileRef = 4F2B6DB11DC9B02300038372 /* BaseViewController.m */; };
		4F2B6DF81DC9B02300038372 /* CustomHUD.m in Sources */ = {isa = PBXBuildFile; fileRef = 4F2B6DB31DC9B02300038372 /* CustomHUD.m */; };
		4F2B6DF91DC9B02300038372 /* FPSViewController.m in Sources */ = {isa = PBXBuildFile; fileRef = 4F2B6DB61DC9B02300038372 /* FPSViewController.m */; };
		4F2B6E081DC9B02300038372 /* MASCompositeConstraint.m in Sources */ = {isa = PBXBuildFile; fileRef = 4F2B6DCD1DC9B02300038372 /* MASCompositeConstraint.m */; };
		4F2B6E091DC9B02300038372 /* MASConstraint.m in Sources */ = {isa = PBXBuildFile; fileRef = 4F2B6DD01DC9B02300038372 /* MASConstraint.m */; };
		4F2B6E0A1DC9B02300038372 /* MASConstraintMaker.m in Sources */ = {isa = PBXBuildFile; fileRef = 4F2B6DD21DC9B02300038372 /* MASConstraintMaker.m */; };
		4F2B6E0B1DC9B02300038372 /* MASLayoutConstraint.m in Sources */ = {isa = PBXBuildFile; fileRef = 4F2B6DD41DC9B02300038372 /* MASLayoutConstraint.m */; };
		4F2B6E0C1DC9B02300038372 /* MASViewAttribute.m in Sources */ = {isa = PBXBuildFile; fileRef = 4F2B6DD81DC9B02300038372 /* MASViewAttribute.m */; };
		4F2B6E0D1DC9B02300038372 /* MASViewConstraint.m in Sources */ = {isa = PBXBuildFile; fileRef = 4F2B6DDA1DC9B02300038372 /* MASViewConstraint.m */; };
		4F2B6E0E1DC9B02300038372 /* NSArray+MASAdditions.m in Sources */ = {isa = PBXBuildFile; fileRef = 4F2B6DDC1DC9B02300038372 /* NSArray+MASAdditions.m */; };
		4F2B6E0F1DC9B02300038372 /* NSLayoutConstraint+MASDebugAdditions.m in Sources */ = {isa = PBXBuildFile; fileRef = 4F2B6DDF1DC9B02300038372 /* NSLayoutConstraint+MASDebugAdditions.m */; };
		4F2B6E101DC9B02300038372 /* View+MASAdditions.m in Sources */ = {isa = PBXBuildFile; fileRef = 4F2B6DE11DC9B02300038372 /* View+MASAdditions.m */; };
		4F2B6E111DC9B02300038372 /* ViewController+MASAdditions.m in Sources */ = {isa = PBXBuildFile; fileRef = 4F2B6DE41DC9B02300038372 /* ViewController+MASAdditions.m */; };
		4F2B6E121DC9B02300038372 /* QQInputView.m in Sources */ = {isa = PBXBuildFile; fileRef = 4F2B6DE71DC9B02300038372 /* QQInputView.m */; };
		4F2B6E131DC9B02300038372 /* QQRoomModel.m in Sources */ = {isa = PBXBuildFile; fileRef = 4F2B6DE91DC9B02300038372 /* QQRoomModel.m */; };
		4F2B6E141DC9B02300038372 /* QQTableViewCell.m in Sources */ = {isa = PBXBuildFile; fileRef = 4F2B6DEB1DC9B02300038372 /* QQTableViewCell.m */; };
		4F2B6E151DC9B02300038372 /* QQViewController.m in Sources */ = {isa = PBXBuildFile; fileRef = 4F2B6DED1DC9B02300038372 /* QQViewController.m */; };
		4F2B6E161DC9B02300038372 /* RunLoopTool.m in Sources */ = {isa = PBXBuildFile; fileRef = 4F2B6DEF1DC9B02300038372 /* RunLoopTool.m */; };
		4F2B6E171DC9B02300038372 /* TextAroundImagesViewController.m in Sources */ = {isa = PBXBuildFile; fileRef = 4F2B6DF21DC9B02300038372 /* TextAroundImagesViewController.m */; };
		4F448CB81DCB036600CDA6A6 /* YYFPSLabel.m in Sources */ = {isa = PBXBuildFile; fileRef = 4F448CB51DCB036600CDA6A6 /* YYFPSLabel.m */; };
		4F448CB91DCB036600CDA6A6 /* YYWeakProxy.m in Sources */ = {isa = PBXBuildFile; fileRef = 4F448CB71DCB036600CDA6A6 /* YYWeakProxy.m */; };
/* End PBXBuildFile section */

/* Begin PBXContainerItemProxy section */
		4F2B6D6C1DC9AEC100038372 /* PBXContainerItemProxy */ = {
			isa = PBXContainerItemProxy;
			containerPortal = 4F2B6D471DC9AEC100038372 /* Project object */;
			proxyType = 1;
			remoteGlobalIDString = 4F2B6D4E1DC9AEC100038372;
			remoteInfo = CTUnlimitedView;
		};
		4F2B6D771DC9AEC100038372 /* PBXContainerItemProxy */ = {
			isa = PBXContainerItemProxy;
			containerPortal = 4F2B6D471DC9AEC100038372 /* Project object */;
			proxyType = 1;
			remoteGlobalIDString = 4F2B6D4E1DC9AEC100038372;
			remoteInfo = CTUnlimitedView;
		};
/* End PBXContainerItemProxy section */

/* Begin PBXFileReference section */
		18B6F8921E1CF6D2001D6292 /* CTUnlimitedView.framework */ = {isa = PBXFileReference; lastKnownFileType = wrapper.framework; path = CTUnlimitedView.framework; sourceTree = "<group>"; };
		4F2B6D4F1DC9AEC100038372 /* CTUnlimitedView.app */ = {isa = PBXFileReference; explicitFileType = wrapper.application; includeInIndex = 0; path = CTUnlimitedView.app; sourceTree = BUILT_PRODUCTS_DIR; };
		4F2B6D531DC9AEC100038372 /* main.m */ = {isa = PBXFileReference; lastKnownFileType = sourcecode.c.objc; path = main.m; sourceTree = "<group>"; };
		4F2B6D611DC9AEC100038372 /* Assets.xcassets */ = {isa = PBXFileReference; lastKnownFileType = folder.assetcatalog; path = Assets.xcassets; sourceTree = "<group>"; };
		4F2B6D641DC9AEC100038372 /* Base */ = {isa = PBXFileReference; lastKnownFileType = file.storyboard; name = Base; path = Base.lproj/LaunchScreen.storyboard; sourceTree = "<group>"; };
		4F2B6D661DC9AEC100038372 /* Info.plist */ = {isa = PBXFileReference; lastKnownFileType = text.plist.xml; path = Info.plist; sourceTree = "<group>"; };
		4F2B6D6B1DC9AEC100038372 /* CTUnlimitedViewTests.xctest */ = {isa = PBXFileReference; explicitFileType = wrapper.cfbundle; includeInIndex = 0; path = CTUnlimitedViewTests.xctest; sourceTree = BUILT_PRODUCTS_DIR; };
		4F2B6D6F1DC9AEC100038372 /* CTUnlimitedViewTests.m */ = {isa = PBXFileReference; lastKnownFileType = sourcecode.c.objc; path = CTUnlimitedViewTests.m; sourceTree = "<group>"; };
		4F2B6D711DC9AEC100038372 /* Info.plist */ = {isa = PBXFileReference; lastKnownFileType = text.plist.xml; path = Info.plist; sourceTree = "<group>"; };
		4F2B6D761DC9AEC100038372 /* CTUnlimitedViewUITests.xctest */ = {isa = PBXFileReference; explicitFileType = wrapper.cfbundle; includeInIndex = 0; path = CTUnlimitedViewUITests.xctest; sourceTree = BUILT_PRODUCTS_DIR; };
		4F2B6D7A1DC9AEC100038372 /* CTUnlimitedViewUITests.m */ = {isa = PBXFileReference; lastKnownFileType = sourcecode.c.objc; path = CTUnlimitedViewUITests.m; sourceTree = "<group>"; };
		4F2B6D7C1DC9AEC100038372 /* Info.plist */ = {isa = PBXFileReference; lastKnownFileType = text.plist.xml; path = Info.plist; sourceTree = "<group>"; };
		4F2B6DAB1DC9B02300038372 /* AppDelegate.h */ = {isa = PBXFileReference; fileEncoding = 4; lastKnownFileType = sourcecode.c.h; path = AppDelegate.h; sourceTree = "<group>"; };
		4F2B6DAC1DC9B02300038372 /* AppDelegate.m */ = {isa = PBXFileReference; fileEncoding = 4; lastKnownFileType = sourcecode.c.objc; path = AppDelegate.m; sourceTree = "<group>"; };
		4F2B6DAE1DC9B02300038372 /* AutolayoutViewController.h */ = {isa = PBXFileReference; fileEncoding = 4; lastKnownFileType = sourcecode.c.h; path = AutolayoutViewController.h; sourceTree = "<group>"; };
		4F2B6DAF1DC9B02300038372 /* AutolayoutViewController.m */ = {isa = PBXFileReference; fileEncoding = 4; lastKnownFileType = sourcecode.c.objc; path = AutolayoutViewController.m; sourceTree = "<group>"; };
		4F2B6DB01DC9B02300038372 /* BaseViewController.h */ = {isa = PBXFileReference; fileEncoding = 4; lastKnownFileType = sourcecode.c.h; path = BaseViewController.h; sourceTree = "<group>"; };
		4F2B6DB11DC9B02300038372 /* BaseViewController.m */ = {isa = PBXFileReference; fileEncoding = 4; lastKnownFileType = sourcecode.c.objc; path = BaseViewController.m; sourceTree = "<group>"; };
		4F2B6DB21DC9B02300038372 /* CustomHUD.h */ = {isa = PBXFileReference; fileEncoding = 4; lastKnownFileType = sourcecode.c.h; path = CustomHUD.h; sourceTree = "<group>"; };
		4F2B6DB31DC9B02300038372 /* CustomHUD.m */ = {isa = PBXFileReference; fileEncoding = 4; lastKnownFileType = sourcecode.c.objc; path = CustomHUD.m; sourceTree = "<group>"; };
		4F2B6DB51DC9B02300038372 /* FPSViewController.h */ = {isa = PBXFileReference; fileEncoding = 4; lastKnownFileType = sourcecode.c.h; path = FPSViewController.h; sourceTree = "<group>"; };
		4F2B6DB61DC9B02300038372 /* FPSViewController.m */ = {isa = PBXFileReference; fileEncoding = 4; lastKnownFileType = sourcecode.c.objc; path = FPSViewController.m; sourceTree = "<group>"; };
		4F2B6DCC1DC9B02300038372 /* MASCompositeConstraint.h */ = {isa = PBXFileReference; fileEncoding = 4; lastKnownFileType = sourcecode.c.h; path = MASCompositeConstraint.h; sourceTree = "<group>"; };
		4F2B6DCD1DC9B02300038372 /* MASCompositeConstraint.m */ = {isa = PBXFileReference; fileEncoding = 4; lastKnownFileType = sourcecode.c.objc; path = MASCompositeConstraint.m; sourceTree = "<group>"; };
		4F2B6DCE1DC9B02300038372 /* MASConstraint+Private.h */ = {isa = PBXFileReference; fileEncoding = 4; lastKnownFileType = sourcecode.c.h; path = "MASConstraint+Private.h"; sourceTree = "<group>"; };
		4F2B6DCF1DC9B02300038372 /* MASConstraint.h */ = {isa = PBXFileReference; fileEncoding = 4; lastKnownFileType = sourcecode.c.h; path = MASConstraint.h; sourceTree = "<group>"; };
		4F2B6DD01DC9B02300038372 /* MASConstraint.m */ = {isa = PBXFileReference; fileEncoding = 4; lastKnownFileType = sourcecode.c.objc; path = MASConstraint.m; sourceTree = "<group>"; };
		4F2B6DD11DC9B02300038372 /* MASConstraintMaker.h */ = {isa = PBXFileReference; fileEncoding = 4; lastKnownFileType = sourcecode.c.h; path = MASConstraintMaker.h; sourceTree = "<group>"; };
		4F2B6DD21DC9B02300038372 /* MASConstraintMaker.m */ = {isa = PBXFileReference; fileEncoding = 4; lastKnownFileType = sourcecode.c.objc; path = MASConstraintMaker.m; sourceTree = "<group>"; };
		4F2B6DD31DC9B02300038372 /* MASLayoutConstraint.h */ = {isa = PBXFileReference; fileEncoding = 4; lastKnownFileType = sourcecode.c.h; path = MASLayoutConstraint.h; sourceTree = "<group>"; };
		4F2B6DD41DC9B02300038372 /* MASLayoutConstraint.m */ = {isa = PBXFileReference; fileEncoding = 4; lastKnownFileType = sourcecode.c.objc; path = MASLayoutConstraint.m; sourceTree = "<group>"; };
		4F2B6DD51DC9B02300038372 /* Masonry.h */ = {isa = PBXFileReference; fileEncoding = 4; lastKnownFileType = sourcecode.c.h; path = Masonry.h; sourceTree = "<group>"; };
		4F2B6DD61DC9B02300038372 /* MASUtilities.h */ = {isa = PBXFileReference; fileEncoding = 4; lastKnownFileType = sourcecode.c.h; path = MASUtilities.h; sourceTree = "<group>"; };
		4F2B6DD71DC9B02300038372 /* MASViewAttribute.h */ = {isa = PBXFileReference; fileEncoding = 4; lastKnownFileType = sourcecode.c.h; path = MASViewAttribute.h; sourceTree = "<group>"; };
		4F2B6DD81DC9B02300038372 /* MASViewAttribute.m */ = {isa = PBXFileReference; fileEncoding = 4; lastKnownFileType = sourcecode.c.objc; path = MASViewAttribute.m; sourceTree = "<group>"; };
		4F2B6DD91DC9B02300038372 /* MASViewConstraint.h */ = {isa = PBXFileReference; fileEncoding = 4; lastKnownFileType = sourcecode.c.h; path = MASViewConstraint.h; sourceTree = "<group>"; };
		4F2B6DDA1DC9B02300038372 /* MASViewConstraint.m */ = {isa = PBXFileReference; fileEncoding = 4; lastKnownFileType = sourcecode.c.objc; path = MASViewConstraint.m; sourceTree = "<group>"; };
		4F2B6DDB1DC9B02300038372 /* NSArray+MASAdditions.h */ = {isa = PBXFileReference; fileEncoding = 4; lastKnownFileType = sourcecode.c.h; path = "NSArray+MASAdditions.h"; sourceTree = "<group>"; };
		4F2B6DDC1DC9B02300038372 /* NSArray+MASAdditions.m */ = {isa = PBXFileReference; fileEncoding = 4; lastKnownFileType = sourcecode.c.objc; path = "NSArray+MASAdditions.m"; sourceTree = "<group>"; };
		4F2B6DDD1DC9B02300038372 /* NSArray+MASShorthandAdditions.h */ = {isa = PBXFileReference; fileEncoding = 4; lastKnownFileType = sourcecode.c.h; path = "NSArray+MASShorthandAdditions.h"; sourceTree = "<group>"; };
		4F2B6DDE1DC9B02300038372 /* NSLayoutConstraint+MASDebugAdditions.h */ = {isa = PBXFileReference; fileEncoding = 4; lastKnownFileType = sourcecode.c.h; path = "NSLayoutConstraint+MASDebugAdditions.h"; sourceTree = "<group>"; };
		4F2B6DDF1DC9B02300038372 /* NSLayoutConstraint+MASDebugAdditions.m */ = {isa = PBXFileReference; fileEncoding = 4; lastKnownFileType = sourcecode.c.objc; path = "NSLayoutConstraint+MASDebugAdditions.m"; sourceTree = "<group>"; };
		4F2B6DE01DC9B02300038372 /* View+MASAdditions.h */ = {isa = PBXFileReference; fileEncoding = 4; lastKnownFileType = sourcecode.c.h; path = "View+MASAdditions.h"; sourceTree = "<group>"; };
		4F2B6DE11DC9B02300038372 /* View+MASAdditions.m */ = {isa = PBXFileReference; fileEncoding = 4; lastKnownFileType = sourcecode.c.objc; path = "View+MASAdditions.m"; sourceTree = "<group>"; };
		4F2B6DE21DC9B02300038372 /* View+MASShorthandAdditions.h */ = {isa = PBXFileReference; fileEncoding = 4; lastKnownFileType = sourcecode.c.h; path = "View+MASShorthandAdditions.h"; sourceTree = "<group>"; };
		4F2B6DE31DC9B02300038372 /* ViewController+MASAdditions.h */ = {isa = PBXFileReference; fileEncoding = 4; lastKnownFileType = sourcecode.c.h; path = "ViewController+MASAdditions.h"; sourceTree = "<group>"; };
		4F2B6DE41DC9B02300038372 /* ViewController+MASAdditions.m */ = {isa = PBXFileReference; fileEncoding = 4; lastKnownFileType = sourcecode.c.objc; path = "ViewController+MASAdditions.m"; sourceTree = "<group>"; };
		4F2B6DE61DC9B02300038372 /* QQInputView.h */ = {isa = PBXFileReference; fileEncoding = 4; lastKnownFileType = sourcecode.c.h; path = QQInputView.h; sourceTree = "<group>"; };
		4F2B6DE71DC9B02300038372 /* QQInputView.m */ = {isa = PBXFileReference; fileEncoding = 4; lastKnownFileType = sourcecode.c.objc; path = QQInputView.m; sourceTree = "<group>"; };
		4F2B6DE81DC9B02300038372 /* QQRoomModel.h */ = {isa = PBXFileReference; fileEncoding = 4; lastKnownFileType = sourcecode.c.h; path = QQRoomModel.h; sourceTree = "<group>"; };
		4F2B6DE91DC9B02300038372 /* QQRoomModel.m */ = {isa = PBXFileReference; fileEncoding = 4; lastKnownFileType = sourcecode.c.objc; path = QQRoomModel.m; sourceTree = "<group>"; };
		4F2B6DEA1DC9B02300038372 /* QQTableViewCell.h */ = {isa = PBXFileReference; fileEncoding = 4; lastKnownFileType = sourcecode.c.h; path = QQTableViewCell.h; sourceTree = "<group>"; };
		4F2B6DEB1DC9B02300038372 /* QQTableViewCell.m */ = {isa = PBXFileReference; fileEncoding = 4; lastKnownFileType = sourcecode.c.objc; path = QQTableViewCell.m; sourceTree = "<group>"; };
		4F2B6DEC1DC9B02300038372 /* QQViewController.h */ = {isa = PBXFileReference; fileEncoding = 4; lastKnownFileType = sourcecode.c.h; path = QQViewController.h; sourceTree = "<group>"; };
		4F2B6DED1DC9B02300038372 /* QQViewController.m */ = {isa = PBXFileReference; fileEncoding = 4; lastKnownFileType = sourcecode.c.objc; path = QQViewController.m; sourceTree = "<group>"; };
		4F2B6DEE1DC9B02300038372 /* RunLoopTool.h */ = {isa = PBXFileReference; fileEncoding = 4; lastKnownFileType = sourcecode.c.h; path = RunLoopTool.h; sourceTree = "<group>"; };
		4F2B6DEF1DC9B02300038372 /* RunLoopTool.m */ = {isa = PBXFileReference; fileEncoding = 4; lastKnownFileType = sourcecode.c.objc; path = RunLoopTool.m; sourceTree = "<group>"; };
		4F2B6DF11DC9B02300038372 /* TextAroundImagesViewController.h */ = {isa = PBXFileReference; fileEncoding = 4; lastKnownFileType = sourcecode.c.h; path = TextAroundImagesViewController.h; sourceTree = "<group>"; };
		4F2B6DF21DC9B02300038372 /* TextAroundImagesViewController.m */ = {isa = PBXFileReference; fileEncoding = 4; lastKnownFileType = sourcecode.c.objc; path = TextAroundImagesViewController.m; sourceTree = "<group>"; };
		4F2B6E1B1DC9EDED00038372 /* CoreText.framework */ = {isa = PBXFileReference; lastKnownFileType = wrapper.framework; name = CoreText.framework; path = System/Library/Frameworks/CoreText.framework; sourceTree = SDKROOT; };
		4F448CB41DCB036600CDA6A6 /* YYFPSLabel.h */ = {isa = PBXFileReference; fileEncoding = 4; lastKnownFileType = sourcecode.c.h; path = YYFPSLabel.h; sourceTree = "<group>"; };
		4F448CB51DCB036600CDA6A6 /* YYFPSLabel.m */ = {isa = PBXFileReference; fileEncoding = 4; lastKnownFileType = sourcecode.c.objc; path = YYFPSLabel.m; sourceTree = "<group>"; };
		4F448CB61DCB036600CDA6A6 /* YYWeakProxy.h */ = {isa = PBXFileReference; fileEncoding = 4; lastKnownFileType = sourcecode.c.h; path = YYWeakProxy.h; sourceTree = "<group>"; };
		4F448CB71DCB036600CDA6A6 /* YYWeakProxy.m */ = {isa = PBXFileReference; fileEncoding = 4; lastKnownFileType = sourcecode.c.objc; path = YYWeakProxy.m; sourceTree = "<group>"; };
/* End PBXFileReference section */

/* Begin PBXFrameworksBuildPhase section */
		4F2B6D4C1DC9AEC100038372 /* Frameworks */ = {
			isa = PBXFrameworksBuildPhase;
			buildActionMask = 2147483647;
			files = (
				18B6F8931E1CF6D2001D6292 /* CTUnlimitedView.framework in Frameworks */,
			);
			runOnlyForDeploymentPostprocessing = 0;
		};
		4F2B6D681DC9AEC100038372 /* Frameworks */ = {
			isa = PBXFrameworksBuildPhase;
			buildActionMask = 2147483647;
			files = (
			);
			runOnlyForDeploymentPostprocessing = 0;
		};
		4F2B6D731DC9AEC100038372 /* Frameworks */ = {
			isa = PBXFrameworksBuildPhase;
			buildActionMask = 2147483647;
			files = (
			);
			runOnlyForDeploymentPostprocessing = 0;
		};
/* End PBXFrameworksBuildPhase section */

/* Begin PBXGroup section */
		4F2B6D461DC9AEC100038372 = {
			isa = PBXGroup;
			children = (
				4F2B6D511DC9AEC100038372 /* CTUnlimitedView */,
				4F2B6D6E1DC9AEC100038372 /* CTUnlimitedViewTests */,
				4F2B6D791DC9AEC100038372 /* CTUnlimitedViewUITests */,
				4F2B6D501DC9AEC100038372 /* Products */,
			);
			sourceTree = "<group>";
		};
		4F2B6D501DC9AEC100038372 /* Products */ = {
			isa = PBXGroup;
			children = (
				4F2B6D4F1DC9AEC100038372 /* CTUnlimitedView.app */,
				4F2B6D6B1DC9AEC100038372 /* CTUnlimitedViewTests.xctest */,
				4F2B6D761DC9AEC100038372 /* CTUnlimitedViewUITests.xctest */,
			);
			name = Products;
			sourceTree = "<group>";
		};
		4F2B6D511DC9AEC100038372 /* CTUnlimitedView */ = {
			isa = PBXGroup;
			children = (
				18B6F8921E1CF6D2001D6292 /* CTUnlimitedView.framework */,
				4F2B6DAB1DC9B02300038372 /* AppDelegate.h */,
				4F2B6DAC1DC9B02300038372 /* AppDelegate.m */,
				4F2B6DB01DC9B02300038372 /* BaseViewController.h */,
				4F2B6DB11DC9B02300038372 /* BaseViewController.m */,
				4F2B6DB21DC9B02300038372 /* CustomHUD.h */,
				4F2B6DB31DC9B02300038372 /* CustomHUD.m */,
				4F2B6DEE1DC9B02300038372 /* RunLoopTool.h */,
				4F2B6DEF1DC9B02300038372 /* RunLoopTool.m */,
				4F2B6DF01DC9B02300038372 /* TextAroundImages */,
				4F2B6DAD1DC9B02300038372 /* AutoLayout */,
				4F2B6DE51DC9B02300038372 /* RichText */,
				4F2B6DB41DC9B02300038372 /* FPS */,
				4F2B6DBA1DC9B02300038372 /* Others */,
				4F2B6D611DC9AEC100038372 /* Assets.xcassets */,
				4F2B6D631DC9AEC100038372 /* LaunchScreen.storyboard */,
				4F2B6D661DC9AEC100038372 /* Info.plist */,
				4F2B6D521DC9AEC100038372 /* Supporting Files */,
			);
			path = CTUnlimitedView;
			sourceTree = "<group>";
		};
		4F2B6D521DC9AEC100038372 /* Supporting Files */ = {
			isa = PBXGroup;
			children = (
				4F2B6D531DC9AEC100038372 /* main.m */,
			);
			name = "Supporting Files";
			sourceTree = "<group>";
		};
		4F2B6D6E1DC9AEC100038372 /* CTUnlimitedViewTests */ = {
			isa = PBXGroup;
			children = (
				4F2B6D6F1DC9AEC100038372 /* CTUnlimitedViewTests.m */,
				4F2B6D711DC9AEC100038372 /* Info.plist */,
			);
			path = CTUnlimitedViewTests;
			sourceTree = "<group>";
		};
		4F2B6D791DC9AEC100038372 /* CTUnlimitedViewUITests */ = {
			isa = PBXGroup;
			children = (
				4F2B6D7A1DC9AEC100038372 /* CTUnlimitedViewUITests.m */,
				4F2B6D7C1DC9AEC100038372 /* Info.plist */,
			);
			path = CTUnlimitedViewUITests;
			sourceTree = "<group>";
		};
		4F2B6DAD1DC9B02300038372 /* AutoLayout */ = {
			isa = PBXGroup;
			children = (
				4F2B6DAE1DC9B02300038372 /* AutolayoutViewController.h */,
				4F2B6DAF1DC9B02300038372 /* AutolayoutViewController.m */,
			);
			path = AutoLayout;
			sourceTree = "<group>";
		};
		4F2B6DB41DC9B02300038372 /* FPS */ = {
			isa = PBXGroup;
			children = (
				4F2B6DB51DC9B02300038372 /* FPSViewController.h */,
				4F2B6DB61DC9B02300038372 /* FPSViewController.m */,
			);
			path = FPS;
			sourceTree = "<group>";
		};
		4F2B6DBA1DC9B02300038372 /* Others */ = {
			isa = PBXGroup;
			children = (
				4F448CB31DCB036600CDA6A6 /* YYFPSLabel */,
				4F2B6E1B1DC9EDED00038372 /* CoreText.framework */,
				4F2B6DCB1DC9B02300038372 /* Masonry */,
			);
			path = Others;
			sourceTree = "<group>";
		};
		4F2B6DCB1DC9B02300038372 /* Masonry */ = {
			isa = PBXGroup;
			children = (
				4F2B6DCC1DC9B02300038372 /* MASCompositeConstraint.h */,
				4F2B6DCD1DC9B02300038372 /* MASCompositeConstraint.m */,
				4F2B6DCE1DC9B02300038372 /* MASConstraint+Private.h */,
				4F2B6DCF1DC9B02300038372 /* MASConstraint.h */,
				4F2B6DD01DC9B02300038372 /* MASConstraint.m */,
				4F2B6DD11DC9B02300038372 /* MASConstraintMaker.h */,
				4F2B6DD21DC9B02300038372 /* MASConstraintMaker.m */,
				4F2B6DD31DC9B02300038372 /* MASLayoutConstraint.h */,
				4F2B6DD41DC9B02300038372 /* MASLayoutConstraint.m */,
				4F2B6DD51DC9B02300038372 /* Masonry.h */,
				4F2B6DD61DC9B02300038372 /* MASUtilities.h */,
				4F2B6DD71DC9B02300038372 /* MASViewAttribute.h */,
				4F2B6DD81DC9B02300038372 /* MASViewAttribute.m */,
				4F2B6DD91DC9B02300038372 /* MASViewConstraint.h */,
				4F2B6DDA1DC9B02300038372 /* MASViewConstraint.m */,
				4F2B6DDB1DC9B02300038372 /* NSArray+MASAdditions.h */,
				4F2B6DDC1DC9B02300038372 /* NSArray+MASAdditions.m */,
				4F2B6DDD1DC9B02300038372 /* NSArray+MASShorthandAdditions.h */,
				4F2B6DDE1DC9B02300038372 /* NSLayoutConstraint+MASDebugAdditions.h */,
				4F2B6DDF1DC9B02300038372 /* NSLayoutConstraint+MASDebugAdditions.m */,
				4F2B6DE01DC9B02300038372 /* View+MASAdditions.h */,
				4F2B6DE11DC9B02300038372 /* View+MASAdditions.m */,
				4F2B6DE21DC9B02300038372 /* View+MASShorthandAdditions.h */,
				4F2B6DE31DC9B02300038372 /* ViewController+MASAdditions.h */,
				4F2B6DE41DC9B02300038372 /* ViewController+MASAdditions.m */,
			);
			path = Masonry;
			sourceTree = "<group>";
		};
		4F2B6DE51DC9B02300038372 /* RichText */ = {
			isa = PBXGroup;
			children = (
				4F2B6DE61DC9B02300038372 /* QQInputView.h */,
				4F2B6DE71DC9B02300038372 /* QQInputView.m */,
				4F2B6DE81DC9B02300038372 /* QQRoomModel.h */,
				4F2B6DE91DC9B02300038372 /* QQRoomModel.m */,
				4F2B6DEA1DC9B02300038372 /* QQTableViewCell.h */,
				4F2B6DEB1DC9B02300038372 /* QQTableViewCell.m */,
				4F2B6DEC1DC9B02300038372 /* QQViewController.h */,
				4F2B6DED1DC9B02300038372 /* QQViewController.m */,
			);
			path = RichText;
			sourceTree = "<group>";
		};
		4F2B6DF01DC9B02300038372 /* TextAroundImages */ = {
			isa = PBXGroup;
			children = (
				4F2B6DF11DC9B02300038372 /* TextAroundImagesViewController.h */,
				4F2B6DF21DC9B02300038372 /* TextAroundImagesViewController.m */,
			);
			path = TextAroundImages;
			sourceTree = "<group>";
		};
		4F448CB31DCB036600CDA6A6 /* YYFPSLabel */ = {
			isa = PBXGroup;
			children = (
				4F448CB41DCB036600CDA6A6 /* YYFPSLabel.h */,
				4F448CB51DCB036600CDA6A6 /* YYFPSLabel.m */,
				4F448CB61DCB036600CDA6A6 /* YYWeakProxy.h */,
				4F448CB71DCB036600CDA6A6 /* YYWeakProxy.m */,
			);
			path = YYFPSLabel;
			sourceTree = "<group>";
		};
/* End PBXGroup section */

/* Begin PBXNativeTarget section */
		4F2B6D4E1DC9AEC100038372 /* CTUnlimitedView */ = {
			isa = PBXNativeTarget;
			buildConfigurationList = 4F2B6D7F1DC9AEC100038372 /* Build configuration list for PBXNativeTarget "CTUnlimitedView" */;
			buildPhases = (
				4F2B6D4B1DC9AEC100038372 /* Sources */,
				4F2B6D4C1DC9AEC100038372 /* Frameworks */,
				4F2B6D4D1DC9AEC100038372 /* Resources */,
			);
			buildRules = (
			);
			dependencies = (
			);
			name = CTUnlimitedView;
			productName = CTUnlimitedView;
			productReference = 4F2B6D4F1DC9AEC100038372 /* CTUnlimitedView.app */;
			productType = "com.apple.product-type.application";
		};
		4F2B6D6A1DC9AEC100038372 /* CTUnlimitedViewTests */ = {
			isa = PBXNativeTarget;
			buildConfigurationList = 4F2B6D821DC9AEC100038372 /* Build configuration list for PBXNativeTarget "CTUnlimitedViewTests" */;
			buildPhases = (
				4F2B6D671DC9AEC100038372 /* Sources */,
				4F2B6D681DC9AEC100038372 /* Frameworks */,
				4F2B6D691DC9AEC100038372 /* Resources */,
			);
			buildRules = (
			);
			dependencies = (
				4F2B6D6D1DC9AEC100038372 /* PBXTargetDependency */,
			);
			name = CTUnlimitedViewTests;
			productName = CTUnlimitedViewTests;
			productReference = 4F2B6D6B1DC9AEC100038372 /* CTUnlimitedViewTests.xctest */;
			productType = "com.apple.product-type.bundle.unit-test";
		};
		4F2B6D751DC9AEC100038372 /* CTUnlimitedViewUITests */ = {
			isa = PBXNativeTarget;
			buildConfigurationList = 4F2B6D851DC9AEC100038372 /* Build configuration list for PBXNativeTarget "CTUnlimitedViewUITests" */;
			buildPhases = (
				4F2B6D721DC9AEC100038372 /* Sources */,
				4F2B6D731DC9AEC100038372 /* Frameworks */,
				4F2B6D741DC9AEC100038372 /* Resources */,
			);
			buildRules = (
			);
			dependencies = (
				4F2B6D781DC9AEC100038372 /* PBXTargetDependency */,
			);
			name = CTUnlimitedViewUITests;
			productName = CTUnlimitedViewUITests;
			productReference = 4F2B6D761DC9AEC100038372 /* CTUnlimitedViewUITests.xctest */;
			productType = "com.apple.product-type.bundle.ui-testing";
		};
/* End PBXNativeTarget section */

/* Begin PBXProject section */
		4F2B6D471DC9AEC100038372 /* Project object */ = {
			isa = PBXProject;
			attributes = {
				LastUpgradeCheck = 0820;
				ORGANIZATIONNAME = Zhuochenming;
				TargetAttributes = {
					4F2B6D4E1DC9AEC100038372 = {
						CreatedOnToolsVersion = 7.3.1;
						DevelopmentTeam = Z7UP6L3TDG;
						ProvisioningStyle = Automatic;
					};
					4F2B6D6A1DC9AEC100038372 = {
						CreatedOnToolsVersion = 7.3.1;
						TestTargetID = 4F2B6D4E1DC9AEC100038372;
					};
					4F2B6D751DC9AEC100038372 = {
						CreatedOnToolsVersion = 7.3.1;
						TestTargetID = 4F2B6D4E1DC9AEC100038372;
					};
				};
			};
			buildConfigurationList = 4F2B6D4A1DC9AEC100038372 /* Build configuration list for PBXProject "CTUnlimitedView" */;
			compatibilityVersion = "Xcode 3.2";
			developmentRegion = English;
			hasScannedForEncodings = 0;
			knownRegions = (
				en,
				Base,
			);
			mainGroup = 4F2B6D461DC9AEC100038372;
			productRefGroup = 4F2B6D501DC9AEC100038372 /* Products */;
			projectDirPath = "";
			projectRoot = "";
			targets = (
				4F2B6D4E1DC9AEC100038372 /* CTUnlimitedView */,
				4F2B6D6A1DC9AEC100038372 /* CTUnlimitedViewTests */,
				4F2B6D751DC9AEC100038372 /* CTUnlimitedViewUITests */,
			);
		};
/* End PBXProject section */

/* Begin PBXResourcesBuildPhase section */
		4F2B6D4D1DC9AEC100038372 /* Resources */ = {
			isa = PBXResourcesBuildPhase;
			buildActionMask = 2147483647;
			files = (
				4F2B6D651DC9AEC100038372 /* LaunchScreen.storyboard in Resources */,
				4F2B6D621DC9AEC100038372 /* Assets.xcassets in Resources */,
			);
			runOnlyForDeploymentPostprocessing = 0;
		};
		4F2B6D691DC9AEC100038372 /* Resources */ = {
			isa = PBXResourcesBuildPhase;
			buildActionMask = 2147483647;
			files = (
			);
			runOnlyForDeploymentPostprocessing = 0;
		};
		4F2B6D741DC9AEC100038372 /* Resources */ = {
			isa = PBXResourcesBuildPhase;
			buildActionMask = 2147483647;
			files = (
			);
			runOnlyForDeploymentPostprocessing = 0;
		};
/* End PBXResourcesBuildPhase section */

/* Begin PBXSourcesBuildPhase section */
		4F2B6D4B1DC9AEC100038372 /* Sources */ = {
			isa = PBXSourcesBuildPhase;
			buildActionMask = 2147483647;
			files = (
				4F2B6E091DC9B02300038372 /* MASConstraint.m in Sources */,
				4F2B6E0C1DC9B02300038372 /* MASViewAttribute.m in Sources */,
				4F2B6E0A1DC9B02300038372 /* MASConstraintMaker.m in Sources */,
				4F2B6DF51DC9B02300038372 /* AppDelegate.m in Sources */,
				4F2B6DF61DC9B02300038372 /* AutolayoutViewController.m in Sources */,
				4F2B6E0D1DC9B02300038372 /* MASViewConstraint.m in Sources */,
				4F2B6E101DC9B02300038372 /* View+MASAdditions.m in Sources */,
				4F2B6E081DC9B02300038372 /* MASCompositeConstraint.m in Sources */,
				4F2B6E141DC9B02300038372 /* QQTableViewCell.m in Sources */,
				4F2B6E121DC9B02300038372 /* QQInputView.m in Sources */,
				4F2B6E0B1DC9B02300038372 /* MASLayoutConstraint.m in Sources */,
				4F2B6DF81DC9B02300038372 /* CustomHUD.m in Sources */,
				4F2B6DF91DC9B02300038372 /* FPSViewController.m in Sources */,
				4F2B6E131DC9B02300038372 /* QQRoomModel.m in Sources */,
				4F2B6E161DC9B02300038372 /* RunLoopTool.m in Sources */,
				4F2B6DF71DC9B02300038372 /* BaseViewController.m in Sources */,
				4F2B6E0F1DC9B02300038372 /* NSLayoutConstraint+MASDebugAdditions.m in Sources */,
				4F448CB81DCB036600CDA6A6 /* YYFPSLabel.m in Sources */,
				4F2B6E151DC9B02300038372 /* QQViewController.m in Sources */,
				4F2B6D541DC9AEC100038372 /* main.m in Sources */,
				4F2B6E0E1DC9B02300038372 /* NSArray+MASAdditions.m in Sources */,
				4F448CB91DCB036600CDA6A6 /* YYWeakProxy.m in Sources */,
				4F2B6E111DC9B02300038372 /* ViewController+MASAdditions.m in Sources */,
				4F2B6E171DC9B02300038372 /* TextAroundImagesViewController.m in Sources */,
			);
			runOnlyForDeploymentPostprocessing = 0;
		};
		4F2B6D671DC9AEC100038372 /* Sources */ = {
			isa = PBXSourcesBuildPhase;
			buildActionMask = 2147483647;
			files = (
				4F2B6D701DC9AEC100038372 /* CTUnlimitedViewTests.m in Sources */,
			);
			runOnlyForDeploymentPostprocessing = 0;
		};
		4F2B6D721DC9AEC100038372 /* Sources */ = {
			isa = PBXSourcesBuildPhase;
			buildActionMask = 2147483647;
			files = (
				4F2B6D7B1DC9AEC100038372 /* CTUnlimitedViewUITests.m in Sources */,
			);
			runOnlyForDeploymentPostprocessing = 0;
		};
/* End PBXSourcesBuildPhase section */

/* Begin PBXTargetDependency section */
		4F2B6D6D1DC9AEC100038372 /* PBXTargetDependency */ = {
			isa = PBXTargetDependency;
			target = 4F2B6D4E1DC9AEC100038372 /* CTUnlimitedView */;
			targetProxy = 4F2B6D6C1DC9AEC100038372 /* PBXContainerItemProxy */;
		};
		4F2B6D781DC9AEC100038372 /* PBXTargetDependency */ = {
			isa = PBXTargetDependency;
			target = 4F2B6D4E1DC9AEC100038372 /* CTUnlimitedView */;
			targetProxy = 4F2B6D771DC9AEC100038372 /* PBXContainerItemProxy */;
		};
/* End PBXTargetDependency section */

/* Begin PBXVariantGroup section */
		4F2B6D631DC9AEC100038372 /* LaunchScreen.storyboard */ = {
			isa = PBXVariantGroup;
			children = (
				4F2B6D641DC9AEC100038372 /* Base */,
			);
			name = LaunchScreen.storyboard;
			sourceTree = "<group>";
		};
/* End PBXVariantGroup section */

/* Begin XCBuildConfiguration section */
		4F2B6D7D1DC9AEC100038372 /* Debug */ = {
			isa = XCBuildConfiguration;
			buildSettings = {
				ALWAYS_SEARCH_USER_PATHS = NO;
				CLANG_ANALYZER_NONNULL = YES;
				CLANG_CXX_LANGUAGE_STANDARD = "gnu++0x";
				CLANG_CXX_LIBRARY = "libc++";
				CLANG_ENABLE_MODULES = YES;
				CLANG_ENABLE_OBJC_ARC = YES;
				CLANG_WARN_BOOL_CONVERSION = YES;
				CLANG_WARN_CONSTANT_CONVERSION = YES;
				CLANG_WARN_DIRECT_OBJC_ISA_USAGE = YES_ERROR;
				CLANG_WARN_EMPTY_BODY = YES;
				CLANG_WARN_ENUM_CONVERSION = YES;
				CLANG_WARN_INFINITE_RECURSION = YES;
				CLANG_WARN_INT_CONVERSION = YES;
				CLANG_WARN_OBJC_ROOT_CLASS = YES_ERROR;
				CLANG_WARN_SUSPICIOUS_MOVE = YES;
				CLANG_WARN_UNREACHABLE_CODE = YES;
				CLANG_WARN__DUPLICATE_METHOD_MATCH = YES;
				"CODE_SIGN_IDENTITY[sdk=iphoneos*]" = "iPhone Developer";
				COPY_PHASE_STRIP = NO;
				DEBUG_INFORMATION_FORMAT = dwarf;
				ENABLE_STRICT_OBJC_MSGSEND = YES;
				ENABLE_TESTABILITY = YES;
				GCC_C_LANGUAGE_STANDARD = gnu99;
				GCC_DYNAMIC_NO_PIC = NO;
				GCC_NO_COMMON_BLOCKS = YES;
				GCC_OPTIMIZATION_LEVEL = 0;
				GCC_PREPROCESSOR_DEFINITIONS = (
					"DEBUG=1",
					"$(inherited)",
				);
				GCC_WARN_64_TO_32_BIT_CONVERSION = YES;
				GCC_WARN_ABOUT_RETURN_TYPE = YES_ERROR;
				GCC_WARN_UNDECLARED_SELECTOR = YES;
				GCC_WARN_UNINITIALIZED_AUTOS = YES_AGGRESSIVE;
				GCC_WARN_UNUSED_FUNCTION = YES;
				GCC_WARN_UNUSED_VARIABLE = YES;
				IPHONEOS_DEPLOYMENT_TARGET = 9.3;
				MTL_ENABLE_DEBUG_INFO = YES;
				ONLY_ACTIVE_ARCH = YES;
				SDKROOT = iphoneos;
			};
			name = Debug;
		};
		4F2B6D7E1DC9AEC100038372 /* Release */ = {
			isa = XCBuildConfiguration;
			buildSettings = {
				ALWAYS_SEARCH_USER_PATHS = NO;
				CLANG_ANALYZER_NONNULL = YES;
				CLANG_CXX_LANGUAGE_STANDARD = "gnu++0x";
				CLANG_CXX_LIBRARY = "libc++";
				CLANG_ENABLE_MODULES = YES;
				CLANG_ENABLE_OBJC_ARC = YES;
				CLANG_WARN_BOOL_CONVERSION = YES;
				CLANG_WARN_CONSTANT_CONVERSION = YES;
				CLANG_WARN_DIRECT_OBJC_ISA_USAGE = YES_ERROR;
				CLANG_WARN_EMPTY_BODY = YES;
				CLANG_WARN_ENUM_CONVERSION = YES;
				CLANG_WARN_INFINITE_RECURSION = YES;
				CLANG_WARN_INT_CONVERSION = YES;
				CLANG_WARN_OBJC_ROOT_CLASS = YES_ERROR;
				CLANG_WARN_SUSPICIOUS_MOVE = YES;
				CLANG_WARN_UNREACHABLE_CODE = YES;
				CLANG_WARN__DUPLICATE_METHOD_MATCH = YES;
				"CODE_SIGN_IDENTITY[sdk=iphoneos*]" = "iPhone Developer";
				COPY_PHASE_STRIP = NO;
				DEBUG_INFORMATION_FORMAT = "dwarf-with-dsym";
				ENABLE_NS_ASSERTIONS = NO;
				ENABLE_STRICT_OBJC_MSGSEND = YES;
				GCC_C_LANGUAGE_STANDARD = gnu99;
				GCC_NO_COMMON_BLOCKS = YES;
				GCC_WARN_64_TO_32_BIT_CONVERSION = YES;
				GCC_WARN_ABOUT_RETURN_TYPE = YES_ERROR;
				GCC_WARN_UNDECLARED_SELECTOR = YES;
				GCC_WARN_UNINITIALIZED_AUTOS = YES_AGGRESSIVE;
				GCC_WARN_UNUSED_FUNCTION = YES;
				GCC_WARN_UNUSED_VARIABLE = YES;
				IPHONEOS_DEPLOYMENT_TARGET = 9.3;
				MTL_ENABLE_DEBUG_INFO = NO;
				SDKROOT = iphoneos;
				VALIDATE_PRODUCT = YES;
			};
			name = Release;
		};
		4F2B6D801DC9AEC100038372 /* Debug */ = {
			isa = XCBuildConfiguration;
			buildSettings = {
				ASSETCATALOG_COMPILER_APPICON_NAME = AppIcon;
				CODE_SIGN_IDENTITY = "iPhone Developer";
				"CODE_SIGN_IDENTITY[sdk=iphoneos*]" = "iPhone Developer";
				DEVELOPMENT_TEAM = Z7UP6L3TDG;
				FRAMEWORK_SEARCH_PATHS = (
					"$(inherited)",
					"$(PROJECT_DIR)",
					"$(PROJECT_DIR)/CTUnlimitedView",
				);
				INFOPLIST_FILE = CTUnlimitedView/Info.plist;
				IPHONEOS_DEPLOYMENT_TARGET = 9.0;
				LD_RUNPATH_SEARCH_PATHS = "$(inherited) @executable_path/Frameworks";
				OTHER_LDFLAGS = "-all_load";
				PRODUCT_BUNDLE_IDENTIFIER = www.wechat;
				PRODUCT_NAME = "$(TARGET_NAME)";
				PROVISIONING_PROFILE = "";
			};
			name = Debug;
		};
		4F2B6D811DC9AEC100038372 /* Release */ = {
			isa = XCBuildConfiguration;
			buildSettings = {
				ASSETCATALOG_COMPILER_APPICON_NAME = AppIcon;
				CODE_SIGN_IDENTITY = "iPhone Developer";
				"CODE_SIGN_IDENTITY[sdk=iphoneos*]" = "iPhone Developer";
				DEVELOPMENT_TEAM = Z7UP6L3TDG;
				FRAMEWORK_SEARCH_PATHS = (
					"$(inherited)",
					"$(PROJECT_DIR)",
					"$(PROJECT_DIR)/CTUnlimitedView",
				);
				INFOPLIST_FILE = CTUnlimitedView/Info.plist;
				IPHONEOS_DEPLOYMENT_TARGET = 9.0;
				LD_RUNPATH_SEARCH_PATHS = "$(inherited) @executable_path/Frameworks";
				OTHER_LDFLAGS = "-all_load";
				PRODUCT_BUNDLE_IDENTIFIER = www.wechat;
				PRODUCT_NAME = "$(TARGET_NAME)";
				PROVISIONING_PROFILE = "";
			};
			name = Release;
		};
		4F2B6D831DC9AEC100038372 /* Debug */ = {
			isa = XCBuildConfiguration;
			buildSettings = {
				BUNDLE_LOADER = "$(TEST_HOST)";
				INFOPLIST_FILE = CTUnlimitedViewTests/Info.plist;
				LD_RUNPATH_SEARCH_PATHS = "$(inherited) @executable_path/Frameworks @loader_path/Frameworks";
				PRODUCT_BUNDLE_IDENTIFIER = www.zhuochenming.com.CTUnlimitedViewTests;
				PRODUCT_NAME = "$(TARGET_NAME)";
				TEST_HOST = "$(BUILT_PRODUCTS_DIR)/CTUnlimitedView.app/CTUnlimitedView";
			};
			name = Debug;
		};
		4F2B6D841DC9AEC100038372 /* Release */ = {
			isa = XCBuildConfiguration;
			buildSettings = {
				BUNDLE_LOADER = "$(TEST_HOST)";
				INFOPLIST_FILE = CTUnlimitedViewTests/Info.plist;
				LD_RUNPATH_SEARCH_PATHS = "$(inherited) @executable_path/Frameworks @loader_path/Frameworks";
				PRODUCT_BUNDLE_IDENTIFIER = www.zhuochenming.com.CTUnlimitedViewTests;
				PRODUCT_NAME = "$(TARGET_NAME)";
				TEST_HOST = "$(BUILT_PRODUCTS_DIR)/CTUnlimitedView.app/CTUnlimitedView";
			};
			name = Release;
		};
		4F2B6D861DC9AEC100038372 /* Debug */ = {
			isa = XCBuildConfiguration;
			buildSettings = {
				INFOPLIST_FILE = CTUnlimitedViewUITests/Info.plist;
				LD_RUNPATH_SEARCH_PATHS = "$(inherited) @executable_path/Frameworks @loader_path/Frameworks";
				PRODUCT_BUNDLE_IDENTIFIER = www.zhuochenming.com.CTUnlimitedViewUITests;
				PRODUCT_NAME = "$(TARGET_NAME)";
				TEST_TARGET_NAME = CTUnlimitedView;
			};
			name = Debug;
		};
		4F2B6D871DC9AEC100038372 /* Release */ = {
			isa = XCBuildConfiguration;
			buildSettings = {
				INFOPLIST_FILE = CTUnlimitedViewUITests/Info.plist;
				LD_RUNPATH_SEARCH_PATHS = "$(inherited) @executable_path/Frameworks @loader_path/Frameworks";
				PRODUCT_BUNDLE_IDENTIFIER = www.zhuochenming.com.CTUnlimitedViewUITests;
				PRODUCT_NAME = "$(TARGET_NAME)";
				TEST_TARGET_NAME = CTUnlimitedView;
			};
			name = Release;
		};
/* End XCBuildConfiguration section */

/* Begin XCConfigurationList section */
		4F2B6D4A1DC9AEC100038372 /* Build configuration list for PBXProject "CTUnlimitedView" */ = {
			isa = XCConfigurationList;
			buildConfigurations = (
				4F2B6D7D1DC9AEC100038372 /* Debug */,
				4F2B6D7E1DC9AEC100038372 /* Release */,
			);
			defaultConfigurationIsVisible = 0;
			defaultConfigurationName = Release;
		};
		4F2B6D7F1DC9AEC100038372 /* Build configuration list for PBXNativeTarget "CTUnlimitedView" */ = {
			isa = XCConfigurationList;
			buildConfigurations = (
				4F2B6D801DC9AEC100038372 /* Debug */,
				4F2B6D811DC9AEC100038372 /* Release */,
			);
			defaultConfigurationIsVisible = 0;
			defaultConfigurationName = Release;
		};
		4F2B6D821DC9AEC100038372 /* Build configuration list for PBXNativeTarget "CTUnlimitedViewTests" */ = {
			isa = XCConfigurationList;
			buildConfigurations = (
				4F2B6D831DC9AEC100038372 /* Debug */,
				4F2B6D841DC9AEC100038372 /* Release */,
			);
			defaultConfigurationIsVisible = 0;
			defaultConfigurationName = Release;
		};
		4F2B6D851DC9AEC100038372 /* Build configuration list for PBXNativeTarget "CTUnlimitedViewUITests" */ = {
			isa = XCConfigurationList;
			buildConfigurations = (
				4F2B6D861DC9AEC100038372 /* Debug */,
				4F2B6D871DC9AEC100038372 /* Release */,
			);
			defaultConfigurationIsVisible = 0;
			defaultConfigurationName = Release;
		};
/* End XCConfigurationList section */
	};
	rootObject = 4F2B6D471DC9AEC100038372 /* Project object */;
}
